
Microsoft Visual Studio Solution File, Format Version 11.00
# Visual Studio 2010
Project("{FAE04EC0-301F-11D3-BF4B-00C04F79EFBC}") = "Assembly-CSharp", "Assembly-CSharp.csproj", "{BD59EDFE-17DD-B033-F805-11BD672335D1}"
EndProject
Project("{FAE04EC0-301F-11D3-BF4B-00C04F79EFBC}") = "AstarPathfindingProject", "AstarPathfindingProject.csproj", "{23E0407F-60D1-A213-BF0E-D33215E2FE22}"
EndProject
Project("{FAE04EC0-301F-11D3-BF4B-00C04F79EFBC}") = "AstarPathfindingProjectEditor", "AstarPathfindingProjectEditor.csproj", "{9A8540F5-EAE4-F008-B372-F23CAB3E01F4}"
EndProject
Project("{FAE04EC0-301F-11D3-BF4B-00C04F79EFBC}") = "PackageToolsEditor", "PackageToolsEditor.csproj", "{585F5EDC-DBCA-0E3D-FCF5-62BDCCC66EB0}"
EndProject
Project("{FAE04EC0-301F-11D3-BF4B-00C04F79EFBC}") = "Assembly-CSharp-Editor", "Assembly-CSharp-Editor.csproj", "{CC51AF64-9FB5-85AC-D25E-5FEC90C9866E}"
EndProject
Global
	GlobalSection(SolutionConfigurationPlatforms) = preSolution
		Debug|Any CPU = Debug|Any CPU
		Release|Any CPU = Release|Any CPU
	EndGlobalSection
	GlobalSection(ProjectConfigurationPlatforms) = postSolution
		{BD59EDFE-17DD-B033-F805-11BD672335D1}.Debug|Any CPU.ActiveCfg = Debug|Any CPU
		{BD59EDFE-17DD-B033-F805-11BD672335D1}.Debug|Any CPU.Build.0 = Debug|Any CPU
		{BD59EDFE-17DD-B033-F805-11BD672335D1}.Release|Any CPU.ActiveCfg = Release|Any CPU
		{BD59EDFE-17DD-B033-F805-11BD672335D1}.Release|Any CPU.Build.0 = Release|Any CPU
		{23E0407F-60D1-A213-BF0E-D33215E2FE22}.Debug|Any CPU.ActiveCfg = Debug|Any CPU
		{23E0407F-60D1-A213-BF0E-D33215E2FE22}.Debug|Any CPU.Build.0 = Debug|Any CPU
		{23E0407F-60D1-A213-BF0E-D33215E2FE22}.Release|Any CPU.ActiveCfg = Release|Any CPU
		{23E0407F-60D1-A213-BF0E-D33215E2FE22}.Release|Any CPU.Build.0 = Release|Any CPU
		{9A8540F5-EAE4-F008-B372-F23CAB3E01F4}.Debug|Any CPU.ActiveCfg = Debug|Any CPU
		{9A8540F5-EAE4-F008-B372-F23CAB3E01F4}.Debug|Any CPU.Build.0 = Debug|Any CPU
		{9A8540F5-EAE4-F008-B372-F23CAB3E01F4}.Release|Any CPU.ActiveCfg = Release|Any CPU
		{9A8540F5-EAE4-F008-B372-F23CAB3E01F4}.Release|Any CPU.Build.0 = Release|Any CPU
		{585F5EDC-DBCA-0E3D-FCF5-62BDCCC66EB0}.Debug|Any CPU.ActiveCfg = Debug|Any CPU
		{585F5EDC-DBCA-0E3D-FCF5-62BDCCC66EB0}.Debug|Any CPU.Build.0 = Debug|Any CPU
		{585F5EDC-DBCA-0E3D-FCF5-62BDCCC66EB0}.Release|Any CPU.ActiveCfg = Release|Any CPU
		{585F5EDC-DBCA-0E3D-FCF5-62BDCCC66EB0}.Release|Any CPU.Build.0 = Release|Any CPU
		{CC51AF64-9FB5-85AC-D25E-5FEC90C9866E}.Debug|Any CPU.ActiveCfg = Debug|Any CPU
		{CC51AF64-9FB5-85AC-D25E-5FEC90C9866E}.Debug|Any CPU.Build.0 = Debug|Any CPU
		{CC51AF64-9FB5-85AC-D25E-5FEC90C9866E}.Release|Any CPU.ActiveCfg = Release|Any CPU
		{CC51AF64-9FB5-85AC-D25E-5FEC90C9866E}.Release|Any CPU.Build.0 = Release|Any CPU
	EndGlobalSection
	GlobalSection(SolutionProperties) = preSolution
		HideSolutionNode = FALSE
	EndGlobalSection
EndGlobal
